
Microsoft Visual Studio Solution File, Format Version 12.00
# Visual Studio 15
VisualStudioVersion = 15.0.28010.2003
MinimumVisualStudioVersion = 10.0.40219.1
Project("{FAE04EC0-301F-11D3-BF4B-00C04F79EFBC}") = "WindowsFormsApp1", "WindowsFormsApp1\WindowsFormsApp1.csproj", "{FC595FA2-3253-4BBF-907E-C16C843C895E}"
EndProject
Global
	GlobalSection(SolutionConfigurationPlatforms) = preSolution
		Debug|Any CPU = Debug|Any CPU
		Release|Any CPU = Release|Any CPU
	EndGlobalSection
	GlobalSection(ProjectConfigurationPlatforms) = postSolution
		{FC595FA2-3253-4BBF-907E-C16C843C895E}.Debug|Any CPU.ActiveCfg = Debug|Any CPU
		{FC595FA2-3253-4BBF-907E-C16C843C895E}.Debug|Any CPU.Build.0 = Debug|Any CPU
		{FC595FA2-3253-4BBF-907E-C16C843C895E}.Release|Any CPU.ActiveCfg = Release|Any CPU
		{FC595FA2-3253-4BBF-907E-C16C843C895E}.Release|Any CPU.Build.0 = Release|Any CPU
	EndGlobalSection
	GlobalSection(SolutionProperties) = preSolution
		HideSolutionNode = FALSE
	EndGlobalSection
	GlobalSection(ExtensibilityGlobals) = postSolution
		SolutionGuid = {B5EC0699-5E72-482D-8201-ABF595B9FC2B}
	EndGlobalSection
EndGlobal
